
Microsoft Visual Studio Solution File, Format Version 12.00
# Visual Studio 15
VisualStudioVersion = 15.0.26730.12
MinimumVisualStudioVersion = 10.0.40219.1
Project("{FAE04EC0-301F-11D3-BF4B-00C04F79EFBC}") = "ADO.Net.AlwaysEncrypted.ConsoleApp", "ADO.Net.AlwaysEncrypted.ConsoleApp\ADO.Net.AlwaysEncrypted.ConsoleApp.csproj", "{6BD4D5B5-A49B-475B-94B3-E80B87F70F05}"
EndProject
Global
	GlobalSection(SolutionConfigurationPlatforms) = preSolution
		Debug|Any CPU = Debug|Any CPU
		Release|Any CPU = Release|Any CPU
	EndGlobalSection
	GlobalSection(ProjectConfigurationPlatforms) = postSolution
		{6BD4D5B5-A49B-475B-94B3-E80B87F70F05}.Debug|Any CPU.ActiveCfg = Debug|Any CPU
		{6BD4D5B5-A49B-475B-94B3-E80B87F70F05}.Debug|Any CPU.Build.0 = Debug|Any CPU
		{6BD4D5B5-A49B-475B-94B3-E80B87F70F05}.Release|Any CPU.ActiveCfg = Release|Any CPU
		{6BD4D5B5-A49B-475B-94B3-E80B87F70F05}.Release|Any CPU.Build.0 = Release|Any CPU
	EndGlobalSection
	GlobalSection(SolutionProperties) = preSolution
		HideSolutionNode = FALSE
	EndGlobalSection
	GlobalSection(ExtensibilityGlobals) = postSolution
		SolutionGuid = {52D3D97C-602C-44DC-A87A-7646BD2C8BC8}
	EndGlobalSection
EndGlobal
